
Microsoft Visual Studio Solution File, Format Version 12.00
# Visual Studio Version 16
VisualStudioVersion = 16.0.29102.190
MinimumVisualStudioVersion = 10.0.40219.1
Project("{FAE04EC0-301F-11D3-BF4B-00C04F79EFBC}") = "PuppetPdf", "PuppetPdf\PuppetPdf.csproj", "{A852D3AC-AE0F-4365-801E-7DF4B064D621}"
EndProject
Global
	GlobalSection(SolutionConfigurationPlatforms) = preSolution
		Debug|Any CPU = Debug|Any CPU
		Release|Any CPU = Release|Any CPU
	EndGlobalSection
	GlobalSection(ProjectConfigurationPlatforms) = postSolution
		{A852D3AC-AE0F-4365-801E-7DF4B064D621}.Debug|Any CPU.ActiveCfg = Debug|Any CPU
		{A852D3AC-AE0F-4365-801E-7DF4B064D621}.Debug|Any CPU.Build.0 = Debug|Any CPU
		{A852D3AC-AE0F-4365-801E-7DF4B064D621}.Release|Any CPU.ActiveCfg = Release|Any CPU
		{A852D3AC-AE0F-4365-801E-7DF4B064D621}.Release|Any CPU.Build.0 = Release|Any CPU
	EndGlobalSection
	GlobalSection(SolutionProperties) = preSolution
		HideSolutionNode = FALSE
	EndGlobalSection
	GlobalSection(ExtensibilityGlobals) = postSolution
		SolutionGuid = {DA95CCA0-9947-4C85-9419-D558495161AE}
	EndGlobalSection
EndGlobal
